
Microsoft Visual Studio Solution File, Format Version 12.00
# Visual Studio Version 16
VisualStudioVersion = 16.0.32802.440
MinimumVisualStudioVersion = 10.0.40219.1
Project("{8BC9CEB8-8B4A-11D0-8D11-00A0C91BC942}") = "CPlusPlusPractice", "CPlusPlusPractice.vcxproj", "{7F8C854B-252C-4212-88B3-E8F8B5B10577}"
EndProject
Global
	GlobalSection(SolutionConfigurationPlatforms) = preSolution
		Debug|x64 = Debug|x64
		Debug|x86 = Debug|x86
		Release|x64 = Release|x64
		Release|x86 = Release|x86
	EndGlobalSection
	GlobalSection(ProjectConfigurationPlatforms) = postSolution
		{7F8C854B-252C-4212-88B3-E8F8B5B10577}.Debug|x64.ActiveCfg = Debug|x64
		{7F8C854B-252C-4212-88B3-E8F8B5B10577}.Debug|x64.Build.0 = Debug|x64
		{7F8C854B-252C-4212-88B3-E8F8B5B10577}.Debug|x86.ActiveCfg = Debug|Win32
		{7F8C854B-252C-4212-88B3-E8F8B5B10577}.Debug|x86.Build.0 = Debug|Win32
		{7F8C854B-252C-4212-88B3-E8F8B5B10577}.Release|x64.ActiveCfg = Release|x64
		{7F8C854B-252C-4212-88B3-E8F8B5B10577}.Release|x64.Build.0 = Release|x64
		{7F8C854B-252C-4212-88B3-E8F8B5B10577}.Release|x86.ActiveCfg = Release|Win32
		{7F8C854B-252C-4212-88B3-E8F8B5B10577}.Release|x86.Build.0 = Release|Win32
	EndGlobalSection
	GlobalSection(SolutionProperties) = preSolution
		HideSolutionNode = FALSE
	EndGlobalSection
	GlobalSection(ExtensibilityGlobals) = postSolution
		SolutionGuid = {C6A4A70B-CC8E-495B-919B-B5A72380AED8}
	EndGlobalSection
EndGlobal
